
Microsoft Visual Studio Solution File, Format Version 12.00
# Visual Studio 15
VisualStudioVersion = 15.0.28307.757
MinimumVisualStudioVersion = 10.0.40219.1
Project("{FAE04EC0-301F-11D3-BF4B-00C04F79EFBC}") = "StudentReg", "StudentReg\StudentReg.csproj", "{86819734-0829-40A1-B741-EA148B2DEF60}"
EndProject
Global
	GlobalSection(SolutionConfigurationPlatforms) = preSolution
		Debug|Any CPU = Debug|Any CPU
		Release|Any CPU = Release|Any CPU
	EndGlobalSection
	GlobalSection(ProjectConfigurationPlatforms) = postSolution
		{86819734-0829-40A1-B741-EA148B2DEF60}.Debug|Any CPU.ActiveCfg = Debug|Any CPU
		{86819734-0829-40A1-B741-EA148B2DEF60}.Debug|Any CPU.Build.0 = Debug|Any CPU
		{86819734-0829-40A1-B741-EA148B2DEF60}.Release|Any CPU.ActiveCfg = Release|Any CPU
		{86819734-0829-40A1-B741-EA148B2DEF60}.Release|Any CPU.Build.0 = Release|Any CPU
	EndGlobalSection
	GlobalSection(SolutionProperties) = preSolution
		HideSolutionNode = FALSE
	EndGlobalSection
	GlobalSection(ExtensibilityGlobals) = postSolution
		SolutionGuid = {8A68FC8B-8E54-4E74-B1FD-B052369D3DE5}
	EndGlobalSection
EndGlobal
